# THIS IS AN AUTOGENERATED FILE. DO NOT EDIT THIS FILE DIRECTLY.
# yarn lockfile v1


abort-controller@3.0.0:
  version "3.0.0"
  resolved "https://registry.npm.taobao.org/abort-controller/download/abort-controller-3.0.0.tgz#eaf54d53b62bae4138e809ca225c8439a6efb392"
  integrity sha1-6vVNU7YrrkE46AnKIlyEOabvs5I=
  dependencies:
    event-target-shim "^5.0.0"

abstract-leveldown@^6.2.1:
  version "6.3.0"
  resolved "https://registry.npm.taobao.org/abstract-leveldown/download/abstract-leveldown-6.3.0.tgz?cache=0&sync_timestamp=1617971947284&other_urls=https%3A%2F%2Fregistry.npm.taobao.org%2Fabstract-leveldown%2Fdownload%2Fabstract-leveldown-6.3.0.tgz#d25221d1e6612f820c35963ba4bd739928f6026a"
  integrity sha1-0lIh0eZhL4IMNZY7pL1zmSj2Amo=
  dependencies:
    buffer "^5.5.0"
    immediate "^3.2.3"
    level-concat-iterator "~2.0.0"
    level-supports "~1.0.0"
    xtend "~4.0.0"

abstract-leveldown@~6.2.1, abstract-leveldown@~6.2.3:
  version "6.2.3"
  resolved "https://registry.npm.taobao.org/abstract-leveldown/download/abstract-leveldown-6.2.3.tgz?cache=0&sync_timestamp=1617971947284&other_urls=https%3A%2F%2Fregistry.npm.taobao.org%2Fabstract-leveldown%2Fdownload%2Fabstract-leveldown-6.2.3.tgz#036543d87e3710f2528e47040bc3261b77a9a8eb"
  integrity sha1-A2VD2H43EPJSjkcEC8MmG3epqOs=
  dependencies:
    buffer "^5.5.0"
    immediate "^3.2.3"
    level-concat-iterator "~2.0.0"
    level-supports "~1.0.0"
    xtend "~4.0.0"

argsarray@0.0.1:
  version "0.0.1"
  resolved "https://registry.npm.taobao.org/argsarray/download/argsarray-0.0.1.tgz#6e7207b4ecdb39b0af88303fa5ae22bda8df61cb"
  integrity sha1-bnIHtOzbObCviDA/pa4ivajfYcs=

base64-js@^1.3.1:
  version "1.5.1"
  resolved "https://registry.npm.taobao.org/base64-js/download/base64-js-1.5.1.tgz#1b1b440160a5bf7ad40b650f095963481903930a"
  integrity sha1-GxtEAWClv3rUC2UPCVljSBkDkwo=

buffer-from@1.1.1:
  version "1.1.1"
  resolved "https://registry.nlark.com/buffer-from/download/buffer-from-1.1.1.tgz#32713bc028f75c02fdb710d7c7bcec1f2c6070ef"
  integrity sha1-MnE7wCj3XAL9txDXx7zsHyxgcO8=

buffer@^5.5.0, buffer@^5.6.0:
  version "5.7.1"
  resolved "https://registry.npm.taobao.org/buffer/download/buffer-5.7.1.tgz#ba62e7c13133053582197160851a8f648e99eed0"
  integrity sha1-umLnwTEzBTWCGXFghRqPZI6Z7tA=
  dependencies:
    base64-js "^1.3.1"
    ieee754 "^1.1.13"

clone-buffer@1.0.0:
  version "1.0.0"
  resolved "https://registry.npm.taobao.org/clone-buffer/download/clone-buffer-1.0.0.tgz#e3e25b207ac4e701af721e2cb5a16792cac3dc58"
  integrity sha1-4+JbIHrE5wGvch4staFnksrD3Fg=

commander@^2.20.3:
  version "2.20.3"
  resolved "https://registry.nlark.com/commander/download/commander-2.20.3.tgz?cache=0&sync_timestamp=1622954303803&other_urls=https%3A%2F%2Fregistry.nlark.com%2Fcommander%2Fdownload%2Fcommander-2.20.3.tgz#fd485e84c03eb4881c20722ba48035e8531aeb33"
  integrity sha1-/UhehMA+tIgcIHIrpIA16FMa6zM=

core-util-is@~1.0.0:
  version "1.0.2"
  resolved "https://registry.nlark.com/core-util-is/download/core-util-is-1.0.2.tgz#b5fd54220aa2bc5ab57aab7140c940754503c1a7"
  integrity sha1-tf1UIgqivFq1eqtxQMlAdUUDwac=

cssfilter@0.0.10:
  version "0.0.10"
  resolved "https://registry.npm.taobao.org/cssfilter/download/cssfilter-0.0.10.tgz#c6d2672632a2e5c83e013e6864a42ce8defd20ae"
  integrity sha1-xtJnJjKi5cg+AT5oZKQs6N79IK4=

deferred-leveldown@~5.3.0:
  version "5.3.0"
  resolved "https://registry.npm.taobao.org/deferred-leveldown/download/deferred-leveldown-5.3.0.tgz#27a997ad95408b61161aa69bd489b86c71b78058"
  integrity sha1-J6mXrZVAi2EWGqab1Im4bHG3gFg=
  dependencies:
    abstract-leveldown "~6.2.1"
    inherits "^2.0.3"

double-ended-queue@2.1.0-0:
  version "2.1.0-0"
  resolved "https://registry.npm.taobao.org/double-ended-queue/download/double-ended-queue-2.1.0-0.tgz#103d3527fd31528f40188130c841efdd78264e5c"
  integrity sha1-ED01J/0xUo9AGIEwyEHv3XgmTlw=

encoding-down@^6.3.0:
  version "6.3.0"
  resolved "https://registry.npm.taobao.org/encoding-down/download/encoding-down-6.3.0.tgz#b1c4eb0e1728c146ecaef8e32963c549e76d082b"
  integrity sha1-scTrDhcowUbsrvjjKWPFSedtCCs=
  dependencies:
    abstract-leveldown "^6.2.1"
    inherits "^2.0.3"
    level-codec "^9.0.0"
    level-errors "^2.0.0"

end-stream@~0.1.0:
  version "0.1.0"
  resolved "https://registry.npm.taobao.org/end-stream/download/end-stream-0.1.0.tgz#32003f3f438a2b0143168137f8fa6e9866c81ed5"
  integrity sha1-MgA/P0OKKwFDFoE3+PpumGbIHtU=
  dependencies:
    write-stream "~0.4.3"

errno@~0.1.1:
  version "0.1.8"
  resolved "https://registry.nlark.com/errno/download/errno-0.1.8.tgz#8bb3e9c7d463be4976ff888f76b4809ebc2e811f"
  integrity sha1-i7Ppx9Rjvkl2/4iPdrSAnrwugR8=
  dependencies:
    prr "~1.0.1"

event-target-shim@^5.0.0:
  version "5.0.1"
  resolved "https://registry.npm.taobao.org/event-target-shim/download/event-target-shim-5.0.1.tgz#5d4d3ebdf9583d63a5333ce2deb7480ab2b05789"
  integrity sha1-XU0+vflYPWOlMzzi3rdICrKwV4k=

fetch-cookie@0.10.1:
  version "0.10.1"
  resolved "https://registry.npm.taobao.org/fetch-cookie/download/fetch-cookie-0.10.1.tgz#5ea88f3d36950543c87997c27ae2aeafb4b5c4d4"
  integrity sha1-XqiPPTaVBUPIeZfCeuKur7S1xNQ=
  dependencies:
    tough-cookie "^2.3.3 || ^3.0.1 || ^4.0.0"

highlight.js-async-webpack@^1.0.4:
  version "1.0.4"
  resolved "https://registry.npm.taobao.org/highlight.js-async-webpack/download/highlight.js-async-webpack-1.0.4.tgz#c06b67bf99f049045d62b756e5855b0912ec616c"
  integrity sha1-wGtnv5nwSQRdYrdW5YVbCRLsYWw=

highlight.js@^9.11.0:
  version "9.18.5"
  resolved "https://registry.nlark.com/highlight.js/download/highlight.js-9.18.5.tgz#d18a359867f378c138d6819edfc2a8acd5f29825"
  integrity sha1-0Yo1mGfzeME41oGe38KorNXymCU=

ieee754@^1.1.13:
  version "1.2.1"
  resolved "https://registry.nlark.com/ieee754/download/ieee754-1.2.1.tgz#8eb7a10a63fff25d15a57b001586d177d1b0d352"
  integrity sha1-jrehCmP/8l0VpXsAFYbRd9Gw01I=

immediate@3.3.0, immediate@^3.2.3:
  version "3.3.0"
  resolved "https://registry.npm.taobao.org/immediate/download/immediate-3.3.0.tgz#1aef225517836bcdf7f2a2de2600c79ff0269266"
  integrity sha1-Gu8iVReDa8338qLeJgDHn/AmkmY=

inherits@2.0.4, inherits@^2.0.3, inherits@^2.0.4, inherits@~2.0.1:
  version "2.0.4"
  resolved "https://registry.npm.taobao.org/inherits/download/inherits-2.0.4.tgz#0fa2c64f932917c3433a0ded55363aae37416b7c"
  integrity sha1-D6LGT5MpF8NDOg3tVTY6rjdBa3w=

isarray@0.0.1:
  version "0.0.1"
  resolved "https://registry.npm.taobao.org/isarray/download/isarray-0.0.1.tgz#8a18acfca9a8f4177e09abfc6038939b05d1eedf"
  integrity sha1-ihis/Kmo9Bd+Cav8YDiTmwXR7t8=

level-codec@9.0.2, level-codec@^9.0.0:
  version "9.0.2"
  resolved "https://registry.npm.taobao.org/level-codec/download/level-codec-9.0.2.tgz#fd60df8c64786a80d44e63423096ffead63d8cbc"
  integrity sha1-/WDfjGR4aoDUTmNCMJb/6tY9jLw=
  dependencies:
    buffer "^5.6.0"

level-concat-iterator@~2.0.0:
  version "2.0.1"
  resolved "https://registry.npm.taobao.org/level-concat-iterator/download/level-concat-iterator-2.0.1.tgz#1d1009cf108340252cb38c51f9727311193e6263"
  integrity sha1-HRAJzxCDQCUss4xR+XJzERk+YmM=

level-errors@^2.0.0, level-errors@~2.0.0:
  version "2.0.1"
  resolved "https://registry.npm.taobao.org/level-errors/download/level-errors-2.0.1.tgz#2132a677bf4e679ce029f517c2f17432800c05c8"
  integrity sha1-ITKmd79OZ5zgKfUXwvF0MoAMBcg=
  dependencies:
    errno "~0.1.1"

level-iterator-stream@~4.0.0:
  version "4.0.2"
  resolved "https://registry.npm.taobao.org/level-iterator-stream/download/level-iterator-stream-4.0.2.tgz#7ceba69b713b0d7e22fcc0d1f128ccdc8a24f79c"
  integrity sha1-fOumm3E7DX4i/MDR8SjM3Iok95w=
  dependencies:
    inherits "^2.0.4"
    readable-stream "^3.4.0"
    xtend "^4.0.2"

level-js@^5.0.0:
  version "5.0.2"
  resolved "https://registry.npm.taobao.org/level-js/download/level-js-5.0.2.tgz#5e280b8f93abd9ef3a305b13faf0b5397c969b55"
  integrity sha1-XigLj5Or2e86MFsT+vC1OXyWm1U=
  dependencies:
    abstract-leveldown "~6.2.3"
    buffer "^5.5.0"
    inherits "^2.0.3"
    ltgt "^2.1.2"

level-packager@^5.1.0:
  version "5.1.1"
  resolved "https://registry.npm.taobao.org/level-packager/download/level-packager-5.1.1.tgz?cache=0&sync_timestamp=1618660117136&other_urls=https%3A%2F%2Fregistry.npm.taobao.org%2Flevel-packager%2Fdownload%2Flevel-packager-5.1.1.tgz#323ec842d6babe7336f70299c14df2e329c18939"
  integrity sha1-Mj7IQta6vnM29wKZwU3y4ynBiTk=
  dependencies:
    encoding-down "^6.3.0"
    levelup "^4.3.2"

level-supports@~1.0.0:
  version "1.0.1"
  resolved "https://registry.npm.taobao.org/level-supports/download/level-supports-1.0.1.tgz?cache=0&sync_timestamp=1617957718768&other_urls=https%3A%2F%2Fregistry.npm.taobao.org%2Flevel-supports%2Fdownload%2Flevel-supports-1.0.1.tgz#2f530a596834c7301622521988e2c36bb77d122d"
  integrity sha1-L1MKWWg0xzAWIlIZiOLDa7d9Ei0=
  dependencies:
    xtend "^4.0.2"

level-write-stream@1.0.0:
  version "1.0.0"
  resolved "https://registry.npm.taobao.org/level-write-stream/download/level-write-stream-1.0.0.tgz#3f7fbb679a55137c0feb303dee766e12ee13c1dc"
  integrity sha1-P3+7Z5pVE3wP6zA97nZuEu4Twdw=
  dependencies:
    end-stream "~0.1.0"

level@6.0.1:
  version "6.0.1"
  resolved "https://registry.npm.taobao.org/level/download/level-6.0.1.tgz#dc34c5edb81846a6de5079eac15706334b0d7cd6"
  integrity sha1-3DTF7bgYRqbeUHnqwVcGM0sNfNY=
  dependencies:
    level-js "^5.0.0"
    level-packager "^5.1.0"
    leveldown "^5.4.0"

leveldown@5.6.0, leveldown@^5.4.0:
  version "5.6.0"
  resolved "https://registry.npm.taobao.org/leveldown/download/leveldown-5.6.0.tgz#16ba937bb2991c6094e13ac5a6898ee66d3eee98"
  integrity sha1-FrqTe7KZHGCU4TrFpomO5m0+7pg=
  dependencies:
    abstract-leveldown "~6.2.1"
    napi-macros "~2.0.0"
    node-gyp-build "~4.1.0"

levelup@4.4.0, levelup@^4.3.2:
  version "4.4.0"
  resolved "https://registry.nlark.com/levelup/download/levelup-4.4.0.tgz#f89da3a228c38deb49c48f88a70fb71f01cafed6"
  integrity sha1-+J2joijDjetJxI+Ipw+3HwHK/tY=
  dependencies:
    deferred-leveldown "~5.3.0"
    level-errors "~2.0.0"
    level-iterator-stream "~4.0.0"
    level-supports "~1.0.0"
    xtend "~4.0.0"

ltgt@2.2.1, ltgt@^2.1.2:
  version "2.2.1"
  resolved "https://registry.npm.taobao.org/ltgt/download/ltgt-2.2.1.tgz#f35ca91c493f7b73da0e07495304f17b31f87ee5"
  integrity sha1-81ypHEk/e3PaDgdJUwTxezH4fuU=

mavon-editor@^2.7.6:
  version "2.9.1"
  resolved "https://registry.npm.taobao.org/mavon-editor/download/mavon-editor-2.9.1.tgz#59adc7cbd1a1a71f691cf5b2a27e60ec3e6997cc"
  integrity sha1-Wa3Hy9Ghpx9pHPWyon5g7D5pl8w=
  dependencies:
    highlight.js "^9.11.0"
    highlight.js-async-webpack "^1.0.4"
    xss "^1.0.6"

moment@^2.19.2:
  version "2.29.1"
  resolved "https://registry.npm.taobao.org/moment/download/moment-2.29.1.tgz#b2be769fa31940be9eeea6469c075e35006fa3d3"
  integrity sha1-sr52n6MZQL6e7qZGnAdeNQBvo9M=

napi-macros@~2.0.0:
  version "2.0.0"
  resolved "https://registry.npm.taobao.org/napi-macros/download/napi-macros-2.0.0.tgz#2b6bae421e7b96eb687aa6c77a7858640670001b"
  integrity sha1-K2uuQh57lutoeqbHenhYZAZwABs=

node-fetch@2.6.0:
  version "2.6.0"
  resolved "https://registry.nlark.com/node-fetch/download/node-fetch-2.6.0.tgz?cache=0&other_urls=https%3A%2F%2Fregistry.nlark.com%2Fnode-fetch%2Fdownload%2Fnode-fetch-2.6.0.tgz#e633456386d4aa55863f676a7ab0daa8fdecb0fd"
  integrity sha1-5jNFY4bUqlWGP2dqerDaqP3ssP0=

node-gyp-build@~4.1.0:
  version "4.1.1"
  resolved "https://registry.npm.taobao.org/node-gyp-build/download/node-gyp-build-4.1.1.tgz#d7270b5d86717068d114cc57fff352f96d745feb"
  integrity sha1-1ycLXYZxcGjRFMxX//NS+W10X+s=

pouchdb-abstract-mapreduce@7.2.2:
  version "7.2.2"
  resolved "https://registry.npm.taobao.org/pouchdb-abstract-mapreduce/download/pouchdb-abstract-mapreduce-7.2.2.tgz#dd1b10a83f8d24361dce9aaaab054614b39f766f"
  integrity sha1-3RsQqD+NJDYdzpqqqwVGFLOfdm8=
  dependencies:
    pouchdb-binary-utils "7.2.2"
    pouchdb-collate "7.2.2"
    pouchdb-collections "7.2.2"
    pouchdb-errors "7.2.2"
    pouchdb-fetch "7.2.2"
    pouchdb-mapreduce-utils "7.2.2"
    pouchdb-md5 "7.2.2"
    pouchdb-utils "7.2.2"

pouchdb-binary-utils@7.2.2:
  version "7.2.2"
  resolved "https://registry.npm.taobao.org/pouchdb-binary-utils/download/pouchdb-binary-utils-7.2.2.tgz#0690b348052c543b1e67f032f47092ca82bcb10e"
  integrity sha1-BpCzSAUsVDseZ/Ay9HCSyoK8sQ4=
  dependencies:
    buffer-from "1.1.1"

pouchdb-collate@7.2.2:
  version "7.2.2"
  resolved "https://registry.npm.taobao.org/pouchdb-collate/download/pouchdb-collate-7.2.2.tgz#fc261f5ef837c437e3445fb0abc3f125d982c37c"
  integrity sha1-/CYfXvg3xDfjRF+wq8PxJdmCw3w=

pouchdb-collections@7.2.2:
  version "7.2.2"
  resolved "https://registry.npm.taobao.org/pouchdb-collections/download/pouchdb-collections-7.2.2.tgz#aeed77f33322429e3f59d59ea233b48ff0e68572"
  integrity sha1-ru138zMiQp4/WdWeojO0j/DmhXI=

pouchdb-errors@7.2.2:
  version "7.2.2"
  resolved "https://registry.npm.taobao.org/pouchdb-errors/download/pouchdb-errors-7.2.2.tgz#80d811d65c766c9d20b755c6e6cc123f8c3c4792"
  integrity sha1-gNgR1lx2bJ0gt1XG5swSP4w8R5I=
  dependencies:
    inherits "2.0.4"

pouchdb-fetch@7.2.2:
  version "7.2.2"
  resolved "https://registry.npm.taobao.org/pouchdb-fetch/download/pouchdb-fetch-7.2.2.tgz#492791236d60c899d7e9973f9aca0d7b9cc02230"
  integrity sha1-SSeRI21gyJnX6Zc/msoNe5zAIjA=
  dependencies:
    abort-controller "3.0.0"
    fetch-cookie "0.10.1"
    node-fetch "2.6.0"

pouchdb-find@^7.1.1:
  version "7.2.2"
  resolved "https://registry.npm.taobao.org/pouchdb-find/download/pouchdb-find-7.2.2.tgz#1227afdd761812d508fe0794b3e904518a721089"
  integrity sha1-Eiev3XYYEtUI/geUs+kEUYpyEIk=
  dependencies:
    pouchdb-abstract-mapreduce "7.2.2"
    pouchdb-collate "7.2.2"
    pouchdb-errors "7.2.2"
    pouchdb-fetch "7.2.2"
    pouchdb-md5 "7.2.2"
    pouchdb-selector-core "7.2.2"
    pouchdb-utils "7.2.2"

pouchdb-mapreduce-utils@7.2.2:
  version "7.2.2"
  resolved "https://registry.npm.taobao.org/pouchdb-mapreduce-utils/download/pouchdb-mapreduce-utils-7.2.2.tgz#13a46a3cc2a3f3b8e24861da26966904f2963146"
  integrity sha1-E6RqPMKj87jiSGHaJpZpBPKWMUY=
  dependencies:
    argsarray "0.0.1"
    inherits "2.0.4"
    pouchdb-collections "7.2.2"
    pouchdb-utils "7.2.2"

pouchdb-md5@7.2.2:
  version "7.2.2"
  resolved "https://registry.npm.taobao.org/pouchdb-md5/download/pouchdb-md5-7.2.2.tgz#415401acc5a844112d765bd1fb4e5d9f38fb0838"
  integrity sha1-QVQBrMWoRBEtdlvR+05dnzj7CDg=
  dependencies:
    pouchdb-binary-utils "7.2.2"
    spark-md5 "3.0.1"

pouchdb-selector-core@7.2.2:
  version "7.2.2"
  resolved "https://registry.npm.taobao.org/pouchdb-selector-core/download/pouchdb-selector-core-7.2.2.tgz#264d7436a8c8ac3801f39960e79875ef7f3879a0"
  integrity sha1-Jk10NqjIrDgB85lg55h17384eaA=
  dependencies:
    pouchdb-collate "7.2.2"
    pouchdb-utils "7.2.2"

pouchdb-utils@7.2.2:
  version "7.2.2"
  resolved "https://registry.npm.taobao.org/pouchdb-utils/download/pouchdb-utils-7.2.2.tgz#c17c4788f1d052b0daf4ef8797bbc4aaa3945aa4"
  integrity sha1-wXxHiPHQUrDa9O+Hl7vEqqOUWqQ=
  dependencies:
    argsarray "0.0.1"
    clone-buffer "1.0.0"
    immediate "3.3.0"
    inherits "2.0.4"
    pouchdb-collections "7.2.2"
    pouchdb-errors "7.2.2"
    pouchdb-md5 "7.2.2"
    uuid "8.1.0"

pouchdb@^7.1.1:
  version "7.2.2"
  resolved "https://registry.npm.taobao.org/pouchdb/download/pouchdb-7.2.2.tgz#fcae82862db527e4cf7576ed8549d1384961f364"
  integrity sha1-/K6Chi21J+TPdXbthUnROElh82Q=
  dependencies:
    abort-controller "3.0.0"
    argsarray "0.0.1"
    buffer-from "1.1.1"
    clone-buffer "1.0.0"
    double-ended-queue "2.1.0-0"
    fetch-cookie "0.10.1"
    immediate "3.3.0"
    inherits "2.0.4"
    level "6.0.1"
    level-codec "9.0.2"
    level-write-stream "1.0.0"
    leveldown "5.6.0"
    levelup "4.4.0"
    ltgt "2.2.1"
    node-fetch "2.6.0"
    readable-stream "1.1.14"
    spark-md5 "3.0.1"
    through2 "3.0.2"
    uuid "8.1.0"
    vuvuzela "1.0.3"

prr@~1.0.1:
  version "1.0.1"
  resolved "https://registry.nlark.com/prr/download/prr-1.0.1.tgz#d3fc114ba06995a45ec6893f484ceb1d78f5f476"
  integrity sha1-0/wRS6BplaRexok/SEzrHXj19HY=

psl@^1.1.33:
  version "1.8.0"
  resolved "https://registry.npm.taobao.org/psl/download/psl-1.8.0.tgz#9326f8bcfb013adcc005fdff056acce020e51c24"
  integrity sha1-kyb4vPsBOtzABf3/BWrM4CDlHCQ=

punycode@^2.1.1:
  version "2.1.1"
  resolved "https://registry.nlark.com/punycode/download/punycode-2.1.1.tgz#b58b010ac40c22c5657616c8d2c2c02c7bf479ec"
  integrity sha1-tYsBCsQMIsVldhbI0sLALHv0eew=

readable-stream@1.1.14:
  version "1.1.14"
  resolved "https://registry.npm.taobao.org/readable-stream/download/readable-stream-1.1.14.tgz#7cf4c54ef648e3813084c636dd2079e166c081d9"
  integrity sha1-fPTFTvZI44EwhMY23SB54WbAgdk=
  dependencies:
    core-util-is "~1.0.0"
    inherits "~2.0.1"
    isarray "0.0.1"
    string_decoder "~0.10.x"

"readable-stream@2 || 3", readable-stream@^3.4.0:
  version "3.6.0"
  resolved "https://registry.npm.taobao.org/readable-stream/download/readable-stream-3.6.0.tgz#337bbda3adc0706bd3e024426a286d4b4b2c9198"
  integrity sha1-M3u9o63AcGvT4CRCaihtS0sskZg=
  dependencies:
    inherits "^2.0.3"
    string_decoder "^1.1.1"
    util-deprecate "^1.0.1"

readable-stream@~0.0.2:
  version "0.0.4"
  resolved "https://registry.npm.taobao.org/readable-stream/download/readable-stream-0.0.4.tgz#f32d76e3fb863344a548d79923007173665b3b8d"
  integrity sha1-8y124/uGM0SlSNeZIwBxc2ZbO40=

safe-buffer@~5.2.0:
  version "5.2.1"
  resolved "https://registry.npm.taobao.org/safe-buffer/download/safe-buffer-5.2.1.tgz#1eaf9fa9bdb1fdd4ec75f58f9cdb4e6b7827eec6"
  integrity sha1-Hq+fqb2x/dTsdfWPnNtOa3gn7sY=

spark-md5@3.0.1:
  version "3.0.1"
  resolved "https://registry.npm.taobao.org/spark-md5/download/spark-md5-3.0.1.tgz#83a0e255734f2ab4e5c466e5a2cfc9ba2aa2124d"
  integrity sha1-g6DiVXNPKrTlxGblos/JuiqiEk0=

string_decoder@^1.1.1:
  version "1.3.0"
  resolved "https://registry.nlark.com/string_decoder/download/string_decoder-1.3.0.tgz#42f114594a46cf1a8e30b0a84f56c78c3edac21e"
  integrity sha1-QvEUWUpGzxqOMLCoT1bHjD7awh4=
  dependencies:
    safe-buffer "~5.2.0"

string_decoder@~0.10.x:
  version "0.10.31"
  resolved "https://registry.nlark.com/string_decoder/download/string_decoder-0.10.31.tgz#62e203bc41766c6c28c9fc84301dab1c5310fa94"
  integrity sha1-YuIDvEF2bGwoyfyEMB2rHFMQ+pQ=

through2@3.0.2:
  version "3.0.2"
  resolved "https://registry.nlark.com/through2/download/through2-3.0.2.tgz#99f88931cfc761ec7678b41d5d7336b5b6a07bf4"
  integrity sha1-mfiJMc/HYex2eLQdXXM2tbage/Q=
  dependencies:
    inherits "^2.0.4"
    readable-stream "2 || 3"

"tough-cookie@^2.3.3 || ^3.0.1 || ^4.0.0":
  version "4.0.0"
  resolved "https://registry.nlark.com/tough-cookie/download/tough-cookie-4.0.0.tgz#d822234eeca882f991f0f908824ad2622ddbece4"
  integrity sha1-2CIjTuyogvmR8PkIgkrSYi3b7OQ=
  dependencies:
    psl "^1.1.33"
    punycode "^2.1.1"
    universalify "^0.1.2"

universalify@^0.1.2:
  version "0.1.2"
  resolved "https://registry.nlark.com/universalify/download/universalify-0.1.2.tgz#b646f69be3942dabcecc9d6639c80dc105efaa66"
  integrity sha1-tkb2m+OULavOzJ1mOcgNwQXvqmY=

util-deprecate@^1.0.1:
  version "1.0.2"
  resolved "https://registry.nlark.com/util-deprecate/download/util-deprecate-1.0.2.tgz#450d4dc9fa70de732762fbd2d4a28981419a0ccf"
  integrity sha1-RQ1Nyfpw3nMnYvvS1KKJgUGaDM8=

uuid@8.1.0:
  version "8.1.0"
  resolved "https://registry.nlark.com/uuid/download/uuid-8.1.0.tgz#6f1536eb43249f473abc6bd58ff983da1ca30d8d"
  integrity sha1-bxU260Mkn0c6vGvVj/mD2hyjDY0=

vue-moment@^4.1.0:
  version "4.1.0"
  resolved "https://registry.npm.taobao.org/vue-moment/download/vue-moment-4.1.0.tgz#092a8ff723a96c6f85a0a8e23ad30f0bf320f3b0"
  integrity sha1-CSqP9yOpbG+FoKjiOtMPC/Mg87A=
  dependencies:
    moment "^2.19.2"

vue-router@^3.5.1:
  version "3.5.1"
  resolved "https://registry.nlark.com/vue-router/download/vue-router-3.5.1.tgz#edf3cf4907952d1e0583e079237220c5ff6eb6c9"
  integrity sha1-7fPPSQeVLR4Fg+B5I3Igxf9utsk=

vue-spinner@^1.0.4:
  version "1.0.4"
  resolved "https://registry.npm.taobao.org/vue-spinner/download/vue-spinner-1.0.4.tgz#0e794d9d93acb23b5b6564042157a531e7ce413b"
  integrity sha1-DnlNnZOssjtbZWQEIVelMefOQTs=

vue@^2.6.12:
  version "2.6.14"
  resolved "https://registry.nlark.com/vue/download/vue-2.6.14.tgz#e51aa5250250d569a3fbad3a8a5a687d6036e235"
  integrity sha1-5RqlJQJQ1Wmj+606ilpofWA24jU=

vuex@^3.6.2:
  version "3.6.2"
  resolved "https://registry.nlark.com/vuex/download/vuex-3.6.2.tgz?cache=0&sync_timestamp=1623945192157&other_urls=https%3A%2F%2Fregistry.nlark.com%2Fvuex%2Fdownload%2Fvuex-3.6.2.tgz#236bc086a870c3ae79946f107f16de59d5895e71"
  integrity sha1-I2vAhqhww655lG8QfxbeWdWJXnE=

vuvuzela@1.0.3:
  version "1.0.3"
  resolved "https://registry.npm.taobao.org/vuvuzela/download/vuvuzela-1.0.3.tgz#3be145e58271c73ca55279dd851f12a682114b0b"
  integrity sha1-O+FF5YJxxzylUnndhR8SpoIRSws=

write-stream@~0.4.3:
  version "0.4.3"
  resolved "https://registry.npm.taobao.org/write-stream/download/write-stream-0.4.3.tgz#83cc8c0347d0af6057a93862b4e3ae01de5c81c1"
  integrity sha1-g8yMA0fQr2BXqThitOOuAd5cgcE=
  dependencies:
    readable-stream "~0.0.2"

xss@^1.0.6:
  version "1.0.9"
  resolved "https://registry.nlark.com/xss/download/xss-1.0.9.tgz#3ffd565571ff60d2e40db7f3b80b4677bec770d2"
  integrity sha1-P/1WVXH/YNLkDbfzuAtGd77HcNI=
  dependencies:
    commander "^2.20.3"
    cssfilter "0.0.10"

xtend@^4.0.2, xtend@~4.0.0:
  version "4.0.2"
  resolved "https://registry.nlark.com/xtend/download/xtend-4.0.2.tgz#bb72779f5fa465186b1f438f674fa347fdb5db54"
  integrity sha1-u3J3n1+kZRhrH0OPZ0+jR/2121Q=
